
Microsoft Visual Studio Solution File, Format Version 12.00
# Visual Studio 15
VisualStudioVersion = 15.0.27703.2035
MinimumVisualStudioVersion = 10.0.40219.1
Project("{FAE04EC0-301F-11D3-BF4B-00C04F79EFBC}") = "RfidSystem", "RfidSystem\RfidSystem.csproj", "{AE5D9790-DDFB-4E9A-A199-EF632D57F897}"
EndProject
Global
	GlobalSection(SubversionScc) = preSolution
		Svn-Managed = True
		Manager = AnkhSVN - Subversion Support for Visual Studio
	EndGlobalSection
	GlobalSection(SolutionConfigurationPlatforms) = preSolution
		Debug|Any CPU = Debug|Any CPU
		Release|Any CPU = Release|Any CPU
	EndGlobalSection
	GlobalSection(ProjectConfigurationPlatforms) = postSolution
		{AE5D9790-DDFB-4E9A-A199-EF632D57F897}.Debug|Any CPU.ActiveCfg = Debug|Any CPU
		{AE5D9790-DDFB-4E9A-A199-EF632D57F897}.Debug|Any CPU.Build.0 = Debug|Any CPU
		{AE5D9790-DDFB-4E9A-A199-EF632D57F897}.Release|Any CPU.ActiveCfg = Release|Any CPU
		{AE5D9790-DDFB-4E9A-A199-EF632D57F897}.Release|Any CPU.Build.0 = Release|Any CPU
	EndGlobalSection
	GlobalSection(SolutionProperties) = preSolution
		HideSolutionNode = FALSE
	EndGlobalSection
	GlobalSection(ExtensibilityGlobals) = postSolution
		SolutionGuid = {91A2B7D0-6FE6-46B3-A233-5FF8073B03BE}
	EndGlobalSection
EndGlobal
